// !$*UTF8*$!
{
	archiveVersion = 1;
	classes = {
	};
	objectVersion = 46;
	objects = {

/* Begin PBXBuildFile section */
		6D621EA419A58ECD00DC8746 /* Foundation.framework in Frameworks */ = {isa = PBXBuildFile; fileRef = 6D621EA319A58ECD00DC8746 /* Foundation.framework */; };
		6D621EA619A58ECD00DC8746 /* CoreGraphics.framework in Frameworks */ = {isa = PBXBuildFile; fileRef = 6D621EA519A58ECD00DC8746 /* CoreGraphics.framework */; };
		6D621EA819A58ECD00DC8746 /* UIKit.framework in Frameworks */ = {isa = PBXBuildFile; fileRef = 6D621EA719A58ECD00DC8746 /* UIKit.framework */; };
		6D621EAE19A58ECD00DC8746 /* InfoPlist.strings in Resources */ = {isa = PBXBuildFile; fileRef = 6D621EAC19A58ECD00DC8746 /* InfoPlist.strings */; };
		6D621EB019A58ECD00DC8746 /* main.m in Sources */ = {isa = PBXBuildFile; fileRef = 6D621EAF19A58ECD00DC8746 /* main.m */; };
		6D621EB419A58ECD00DC8746 /* AppDelegate.m in Sources */ = {isa = PBXBuildFile; fileRef = 6D621EB319A58ECD00DC8746 /* AppDelegate.m */; };
		6D621EB719A58ECD00DC8746 /* Main.storyboard in Resources */ = {isa = PBXBuildFile; fileRef = 6D621EB519A58ECD00DC8746 /* Main.storyboard */; };
		6D621EBA19A58ECD00DC8746 /* MenuViewController.m in Sources */ = {isa = PBXBuildFile; fileRef = 6D621EB919A58ECD00DC8746 /* MenuViewController.m */; };
		6D621EBC19A58ECD00DC8746 /* Images.xcassets in Resources */ = {isa = PBXBuildFile; fileRef = 6D621EBB19A58ECD00DC8746 /* Images.xcassets */; };
		6D621EC319A58ECD00DC8746 /* XCTest.framework in Frameworks */ = {isa = PBXBuildFile; fileRef = 6D621EC219A58ECD00DC8746 /* XCTest.framework */; };
		6D621EC419A58ECD00DC8746 /* Foundation.framework in Frameworks */ = {isa = PBXBuildFile; fileRef = 6D621EA319A58ECD00DC8746 /* Foundation.framework */; };
		6D621EC519A58ECD00DC8746 /* UIKit.framework in Frameworks */ = {isa = PBXBuildFile; fileRef = 6D621EA719A58ECD00DC8746 /* UIKit.framework */; };
		6D621ECD19A58ECD00DC8746 /* InfoPlist.strings in Resources */ = {isa = PBXBuildFile; fileRef = 6D621ECB19A58ECD00DC8746 /* InfoPlist.strings */; };
		6D621ECF19A58ECD00DC8746 /* DesignAnimalsTests.m in Sources */ = {isa = PBXBuildFile; fileRef = 6D621ECE19A58ECD00DC8746 /* DesignAnimalsTests.m */; };
		6D621EDA19A58FD200DC8746 /* GameViewController.m in Sources */ = {isa = PBXBuildFile; fileRef = 6D621ED919A58FD200DC8746 /* GameViewController.m */; };
		6D621EDF19A5A67200DC8746 /* Animal.m in Sources */ = {isa = PBXBuildFile; fileRef = 6D621EDE19A5A67200DC8746 /* Animal.m */; };
/* End PBXBuildFile section */

/* Begin PBXContainerItemProxy section */
		6D621EC619A58ECD00DC8746 /* PBXContainerItemProxy */ = {
			isa = PBXContainerItemProxy;
			containerPortal = 6D621E9819A58ECD00DC8746 /* Project object */;
			proxyType = 1;
			remoteGlobalIDString = 6D621E9F19A58ECD00DC8746;
			remoteInfo = DesignAnimals;
		};
/* End PBXContainerItemProxy section */

/* Begin PBXFileReference section */
		6D621EA019A58ECD00DC8746 /* DesignAnimals.app */ = {isa = PBXFileReference; explicitFileType = wrapper.application; includeInIndex = 0; path = DesignAnimals.app; sourceTree = BUILT_PRODUCTS_DIR; };
		6D621EA319A58ECD00DC8746 /* Foundation.framework */ = {isa = PBXFileReference; lastKnownFileType = wrapper.framework; name = Foundation.framework; path = System/Library/Frameworks/Foundation.framework; sourceTree = SDKROOT; };
		6D621EA519A58ECD00DC8746 /* CoreGraphics.framework */ = {isa = PBXFileReference; lastKnownFileType = wrapper.framework; name = CoreGraphics.framework; path = System/Library/Frameworks/CoreGraphics.framework; sourceTree = SDKROOT; };
		6D621EA719A58ECD00DC8746 /* UIKit.framework */ = {isa = PBXFileReference; lastKnownFileType = wrapper.framework; name = UIKit.framework; path = System/Library/Frameworks/UIKit.framework; sourceTree = SDKROOT; };
		6D621EAB19A58ECD00DC8746 /* DesignAnimals-Info.plist */ = {isa = PBXFileReference; lastKnownFileType = text.plist.xml; path = "DesignAnimals-Info.plist"; sourceTree = "<group>"; };
		6D621EAD19A58ECD00DC8746 /* en */ = {isa = PBXFileReference; lastKnownFileType = text.plist.strings; name = en; path = en.lproj/InfoPlist.strings; sourceTree = "<group>"; };
		6D621EAF19A58ECD00DC8746 /* main.m */ = {isa = PBXFileReference; lastKnownFileType = sourcecode.c.objc; path = main.m; sourceTree = "<group>"; };
		6D621EB119A58ECD00DC8746 /* DesignAnimals-Prefix.pch */ = {isa = PBXFileReference; lastKnownFileType = sourcecode.c.h; path = "DesignAnimals-Prefix.pch"; sourceTree = "<group>"; };
		6D621EB219A58ECD00DC8746 /* AppDelegate.h */ = {isa = PBXFileReference; lastKnownFileType = sourcecode.c.h; path = AppDelegate.h; sourceTree = "<group>"; };
		6D621EB319A58ECD00DC8746 /* AppDelegate.m */ = {isa = PBXFileReference; lastKnownFileType = sourcecode.c.objc; path = AppDelegate.m; sourceTree = "<group>"; };
		6D621EB619A58ECD00DC8746 /* Base */ = {isa = PBXFileReference; lastKnownFileType = file.storyboard; name = Base; path = Base.lproj/Main.storyboard; sourceTree = "<group>"; };
		6D621EB819A58ECD00DC8746 /* MenuViewController.h */ = {isa = PBXFileReference; lastKnownFileType = sourcecode.c.h; path = MenuViewController.h; sourceTree = "<group>"; };
		6D621EB919A58ECD00DC8746 /* MenuViewController.m */ = {isa = PBXFileReference; lastKnownFileType = sourcecode.c.objc; path = MenuViewController.m; sourceTree = "<group>"; };
		6D621EBB19A58ECD00DC8746 /* Images.xcassets */ = {isa = PBXFileReference; lastKnownFileType = folder.assetcatalog; path = Images.xcassets; sourceTree = "<group>"; };
		6D621EC119A58ECD00DC8746 /* DesignAnimalsTests.xctest */ = {isa = PBXFileReference; explicitFileType = wrapper.cfbundle; includeInIndex = 0; path = DesignAnimalsTests.xctest; sourceTree = BUILT_PRODUCTS_DIR; };
		6D621EC219A58ECD00DC8746 /* XCTest.framework */ = {isa = PBXFileReference; lastKnownFileType = wrapper.framework; name = XCTest.framework; path = Library/Frameworks/XCTest.framework; sourceTree = DEVELOPER_DIR; };
		6D621ECA19A58ECD00DC8746 /* DesignAnimalsTests-Info.plist */ = {isa = PBXFileReference; lastKnownFileType = text.plist.xml; path = "DesignAnimalsTests-Info.plist"; sourceTree = "<group>"; };
		6D621ECC19A58ECD00DC8746 /* en */ = {isa = PBXFileReference; lastKnownFileType = text.plist.strings; name = en; path = en.lproj/InfoPlist.strings; sourceTree = "<group>"; };
		6D621ECE19A58ECD00DC8746 /* DesignAnimalsTests.m */ = {isa = PBXFileReference; lastKnownFileType = sourcecode.c.objc; path = DesignAnimalsTests.m; sourceTree = "<group>"; };
		6D621ED819A58FD200DC8746 /* GameViewController.h */ = {isa = PBXFileReference; fileEncoding = 4; lastKnownFileType = sourcecode.c.h; path = GameViewController.h; sourceTree = "<group>"; };
		6D621ED919A58FD200DC8746 /* GameViewController.m */ = {isa = PBXFileReference; fileEncoding = 4; lastKnownFileType = sourcecode.c.objc; path = GameViewController.m; sourceTree = "<group>"; };
		6D621EDD19A5A67200DC8746 /* Animal.h */ = {isa = PBXFileReference; fileEncoding = 4; lastKnownFileType = sourcecode.c.h; path = Animal.h; sourceTree = "<group>"; };
		6D621EDE19A5A67200DC8746 /* Animal.m */ = {isa = PBXFileReference; fileEncoding = 4; lastKnownFileType = sourcecode.c.objc; path = Animal.m; sourceTree = "<group>"; };
/* End PBXFileReference section */

/* Begin PBXFrameworksBuildPhase section */
		6D621E9D19A58ECD00DC8746 /* Frameworks */ = {
			isa = PBXFrameworksBuildPhase;
			buildActionMask = 2147483647;
			files = (
				6D621EA619A58ECD00DC8746 /* CoreGraphics.framework in Frameworks */,
				6D621EA819A58ECD00DC8746 /* UIKit.framework in Frameworks */,
				6D621EA419A58ECD00DC8746 /* Foundation.framework in Frameworks */,
			);
			runOnlyForDeploymentPostprocessing = 0;
		};
		6D621EBE19A58ECD00DC8746 /* Frameworks */ = {
			isa = PBXFrameworksBuildPhase;
			buildActionMask = 2147483647;
			files = (
				6D621EC319A58ECD00DC8746 /* XCTest.framework in Frameworks */,
				6D621EC519A58ECD00DC8746 /* UIKit.framework in Frameworks */,
				6D621EC419A58ECD00DC8746 /* Foundation.framework in Frameworks */,
			);
			runOnlyForDeploymentPostprocessing = 0;
		};
/* End PBXFrameworksBuildPhase section */

/* Begin PBXGroup section */
		6D621E9719A58ECD00DC8746 = {
			isa = PBXGroup;
			children = (
				6D621EA919A58ECD00DC8746 /* DesignAnimals */,
				6D621EC819A58ECD00DC8746 /* DesignAnimalsTests */,
				6D621EA219A58ECD00DC8746 /* Frameworks */,
				6D621EA119A58ECD00DC8746 /* Products */,
			);
			sourceTree = "<group>";
		};
		6D621EA119A58ECD00DC8746 /* Products */ = {
			isa = PBXGroup;
			children = (
				6D621EA019A58ECD00DC8746 /* DesignAnimals.app */,
				6D621EC119A58ECD00DC8746 /* DesignAnimalsTests.xctest */,
			);
			name = Products;
			sourceTree = "<group>";
		};
		6D621EA219A58ECD00DC8746 /* Frameworks */ = {
			isa = PBXGroup;
			children = (
				6D621EA319A58ECD00DC8746 /* Foundation.framework */,
				6D621EA519A58ECD00DC8746 /* CoreGraphics.framework */,
				6D621EA719A58ECD00DC8746 /* UIKit.framework */,
				6D621EC219A58ECD00DC8746 /* XCTest.framework */,
			);
			name = Frameworks;
			sourceTree = "<group>";
		};
		6D621EA919A58ECD00DC8746 /* DesignAnimals */ = {
			isa = PBXGroup;
			children = (
				6D621EB219A58ECD00DC8746 /* AppDelegate.h */,
				6D621EB319A58ECD00DC8746 /* AppDelegate.m */,
				6D621EB519A58ECD00DC8746 /* Main.storyboard */,
				6D621EDB19A5A64500DC8746 /* View Controllers */,
				6D621EDC19A5A65300DC8746 /* Game Classes */,
				6D621EBB19A58ECD00DC8746 /* Images.xcassets */,
				6D621EAA19A58ECD00DC8746 /* Supporting Files */,
			);
			path = DesignAnimals;
			sourceTree = "<group>";
		};
		6D621EAA19A58ECD00DC8746 /* Supporting Files */ = {
			isa = PBXGroup;
			children = (
				6D621EAB19A58ECD00DC8746 /* DesignAnimals-Info.plist */,
				6D621EAC19A58ECD00DC8746 /* InfoPlist.strings */,
				6D621EAF19A58ECD00DC8746 /* main.m */,
				6D621EB119A58ECD00DC8746 /* DesignAnimals-Prefix.pch */,
			);
			name = "Supporting Files";
			sourceTree = "<group>";
		};
		6D621EC819A58ECD00DC8746 /* DesignAnimalsTests */ = {
			isa = PBXGroup;
			children = (
				6D621ECE19A58ECD00DC8746 /* DesignAnimalsTests.m */,
				6D621EC919A58ECD00DC8746 /* Supporting Files */,
			);
			path = DesignAnimalsTests;
			sourceTree = "<group>";
		};
		6D621EC919A58ECD00DC8746 /* Supporting Files */ = {
			isa = PBXGroup;
			children = (
				6D621ECA19A58ECD00DC8746 /* DesignAnimalsTests-Info.plist */,
				6D621ECB19A58ECD00DC8746 /* InfoPlist.strings */,
			);
			name = "Supporting Files";
			sourceTree = "<group>";
		};
		6D621EDB19A5A64500DC8746 /* View Controllers */ = {
			isa = PBXGroup;
			children = (
				6D621EB819A58ECD00DC8746 /* MenuViewController.h */,
				6D621EB919A58ECD00DC8746 /* MenuViewController.m */,
				6D621ED819A58FD200DC8746 /* GameViewController.h */,
				6D621ED919A58FD200DC8746 /* GameViewController.m */,
			);
			name = "View Controllers";
			sourceTree = "<group>";
		};
		6D621EDC19A5A65300DC8746 /* Game Classes */ = {
			isa = PBXGroup;
			children = (
				6D621EDD19A5A67200DC8746 /* Animal.h */,
				6D621EDE19A5A67200DC8746 /* Animal.m */,
			);
			name = "Game Classes";
			sourceTree = "<group>";
		};
/* End PBXGroup section */

/* Begin PBXNativeTarget section */
		6D621E9F19A58ECD00DC8746 /* DesignAnimals */ = {
			isa = PBXNativeTarget;
			buildConfigurationList = 6D621ED219A58ECD00DC8746 /* Build configuration list for PBXNativeTarget "DesignAnimals" */;
			buildPhases = (
				6D621E9C19A58ECD00DC8746 /* Sources */,
				6D621E9D19A58ECD00DC8746 /* Frameworks */,
				6D621E9E19A58ECD00DC8746 /* Resources */,
			);
			buildRules = (
			);
			dependencies = (
			);
			name = DesignAnimals;
			productName = DesignAnimals;
			productReference = 6D621EA019A58ECD00DC8746 /* DesignAnimals.app */;
			productType = "com.apple.product-type.application";
		};
		6D621EC019A58ECD00DC8746 /* DesignAnimalsTests */ = {
			isa = PBXNativeTarget;
			buildConfigurationList = 6D621ED519A58ECD00DC8746 /* Build configuration list for PBXNativeTarget "DesignAnimalsTests" */;
			buildPhases = (
				6D621EBD19A58ECD00DC8746 /* Sources */,
				6D621EBE19A58ECD00DC8746 /* Frameworks */,
				6D621EBF19A58ECD00DC8746 /* Resources */,
			);
			buildRules = (
			);
			dependencies = (
				6D621EC719A58ECD00DC8746 /* PBXTargetDependency */,
			);
			name = DesignAnimalsTests;
			productName = DesignAnimalsTests;
			productReference = 6D621EC119A58ECD00DC8746 /* DesignAnimalsTests.xctest */;
			productType = "com.apple.product-type.bundle.unit-test";
		};
/* End PBXNativeTarget section */

/* Begin PBXProject section */
		6D621E9819A58ECD00DC8746 /* Project object */ = {
			isa = PBXProject;
			attributes = {
				LastUpgradeCheck = 0510;
				ORGANIZATIONNAME = "612 Development";
				TargetAttributes = {
					6D621E9F19A58ECD00DC8746 = {
						DevelopmentTeam = K67R3SLFMD;
					};
					6D621EC019A58ECD00DC8746 = {
						TestTargetID = 6D621E9F19A58ECD00DC8746;
					};
				};
			};
			buildConfigurationList = 6D621E9B19A58ECD00DC8746 /* Build configuration list for PBXProject "DesignAnimals" */;
			compatibilityVersion = "Xcode 3.2";
			developmentRegion = English;
			hasScannedForEncodings = 0;
			knownRegions = (
				en,
				Base,
			);
			mainGroup = 6D621E9719A58ECD00DC8746;
			productRefGroup = 6D621EA119A58ECD00DC8746 /* Products */;
			projectDirPath = "";
			projectRoot = "";
			targets = (
				6D621E9F19A58ECD00DC8746 /* DesignAnimals */,
				6D621EC019A58ECD00DC8746 /* DesignAnimalsTests */,
			);
		};
/* End PBXProject section */

/* Begin PBXResourcesBuildPhase section */
		6D621E9E19A58ECD00DC8746 /* Resources */ = {
			isa = PBXResourcesBuildPhase;
			buildActionMask = 2147483647;
			files = (
				6D621EBC19A58ECD00DC8746 /* Images.xcassets in Resources */,
				6D621EAE19A58ECD00DC8746 /* InfoPlist.strings in Resources */,
				6D621EB719A58ECD00DC8746 /* Main.storyboard in Resources */,
			);
			runOnlyForDeploymentPostprocessing = 0;
		};
		6D621EBF19A58ECD00DC8746 /* Resources */ = {
			isa = PBXResourcesBuildPhase;
			buildActionMask = 2147483647;
			files = (
				6D621ECD19A58ECD00DC8746 /* InfoPlist.strings in Resources */,
			);
			runOnlyForDeploymentPostprocessing = 0;
		};
/* End PBXResourcesBuildPhase section */

/* Begin PBXSourcesBuildPhase section */
		6D621E9C19A58ECD00DC8746 /* Sources */ = {
			isa = PBXSourcesBuildPhase;
			buildActionMask = 2147483647;
			files = (
				6D621EDA19A58FD200DC8746 /* GameViewController.m in Sources */,
				6D621EBA19A58ECD00DC8746 /* MenuViewController.m in Sources */,
				6D621EDF19A5A67200DC8746 /* Animal.m in Sources */,
				6D621EB419A58ECD00DC8746 /* AppDelegate.m in Sources */,
				6D621EB019A58ECD00DC8746 /* main.m in Sources */,
			);
			runOnlyForDeploymentPostprocessing = 0;
		};
		6D621EBD19A58ECD00DC8746 /* Sources */ = {
			isa = PBXSourcesBuildPhase;
			buildActionMask = 2147483647;
			files = (
				6D621ECF19A58ECD00DC8746 /* DesignAnimalsTests.m in Sources */,
			);
			runOnlyForDeploymentPostprocessing = 0;
		};
/* End PBXSourcesBuildPhase section */

/* Begin PBXTargetDependency section */
		6D621EC719A58ECD00DC8746 /* PBXTargetDependency */ = {
			isa = PBXTargetDependency;
			target = 6D621E9F19A58ECD00DC8746 /* DesignAnimals */;
			targetProxy = 6D621EC619A58ECD00DC8746 /* PBXContainerItemProxy */;
		};
/* End PBXTargetDependency section */

/* Begin PBXVariantGroup section */
		6D621EAC19A58ECD00DC8746 /* InfoPlist.strings */ = {
			isa = PBXVariantGroup;
			children = (
				6D621EAD19A58ECD00DC8746 /* en */,
			);
			name = InfoPlist.strings;
			sourceTree = "<group>";
		};
		6D621EB519A58ECD00DC8746 /* Main.storyboard */ = {
			isa = PBXVariantGroup;
			children = (
				6D621EB619A58ECD00DC8746 /* Base */,
			);
			name = Main.storyboard;
			sourceTree = "<group>";
		};
		6D621ECB19A58ECD00DC8746 /* InfoPlist.strings */ = {
			isa = PBXVariantGroup;
			children = (
				6D621ECC19A58ECD00DC8746 /* en */,
			);
			name = InfoPlist.strings;
			sourceTree = "<group>";
		};
/* End PBXVariantGroup section */

/* Begin XCBuildConfiguration section */
		6D621ED019A58ECD00DC8746 /* Debug */ = {
			isa = XCBuildConfiguration;
			buildSettings = {
				ALWAYS_SEARCH_USER_PATHS = NO;
				CLANG_CXX_LANGUAGE_STANDARD = "gnu++0x";
				CLANG_CXX_LIBRARY = "libc++";
				CLANG_ENABLE_MODULES = YES;
				CLANG_ENABLE_OBJC_ARC = YES;
				CLANG_WARN_BOOL_CONVERSION = YES;
				CLANG_WARN_CONSTANT_CONVERSION = YES;
				CLANG_WARN_DIRECT_OBJC_ISA_USAGE = YES_ERROR;
				CLANG_WARN_EMPTY_BODY = YES;
				CLANG_WARN_ENUM_CONVERSION = YES;
				CLANG_WARN_INT_CONVERSION = YES;
				CLANG_WARN_OBJC_ROOT_CLASS = YES_ERROR;
				CLANG_WARN__DUPLICATE_METHOD_MATCH = YES;
				"CODE_SIGN_IDENTITY[sdk=iphoneos*]" = "iPhone Developer";
				COPY_PHASE_STRIP = NO;
				GCC_C_LANGUAGE_STANDARD = gnu99;
				GCC_DYNAMIC_NO_PIC = NO;
				GCC_OPTIMIZATION_LEVEL = 0;
				GCC_PREPROCESSOR_DEFINITIONS = (
					"DEBUG=1",
					"$(inherited)",
				);
				GCC_SYMBOLS_PRIVATE_EXTERN = NO;
				GCC_WARN_64_TO_32_BIT_CONVERSION = YES;
				GCC_WARN_ABOUT_RETURN_TYPE = YES_ERROR;
				GCC_WARN_UNDECLARED_SELECTOR = YES;
				GCC_WARN_UNINITIALIZED_AUTOS = YES_AGGRESSIVE;
				GCC_WARN_UNUSED_FUNCTION = YES;
				GCC_WARN_UNUSED_VARIABLE = YES;
				IPHONEOS_DEPLOYMENT_TARGET = 7.1;
				ONLY_ACTIVE_ARCH = YES;
				PROVISIONING_PROFILE = "2f11b4f2-5518-40af-b8b1-43d87f21a2a8";
				SDKROOT = iphoneos;
			};
			name = Debug;
		};
		6D621ED119A58ECD00DC8746 /* Release */ = {
			isa = XCBuildConfiguration;
			buildSettings = {
				ALWAYS_SEARCH_USER_PATHS = NO;
				CLANG_CXX_LANGUAGE_STANDARD = "gnu++0x";
				CLANG_CXX_LIBRARY = "libc++";
				CLANG_ENABLE_MODULES = YES;
				CLANG_ENABLE_OBJC_ARC = YES;
				CLANG_WARN_BOOL_CONVERSION = YES;
				CLANG_WARN_CONSTANT_CONVERSION = YES;
				CLANG_WARN_DIRECT_OBJC_ISA_USAGE = YES_ERROR;
				CLANG_WARN_EMPTY_BODY = YES;
				CLANG_WARN_ENUM_CONVERSION = YES;
				CLANG_WARN_INT_CONVERSION = YES;
				CLANG_WARN_OBJC_ROOT_CLASS = YES_ERROR;
				CLANG_WARN__DUPLICATE_METHOD_MATCH = YES;
				"CODE_SIGN_IDENTITY[sdk=iphoneos*]" = "iPhone Developer";
				COPY_PHASE_STRIP = YES;
				ENABLE_NS_ASSERTIONS = NO;
				GCC_C_LANGUAGE_STANDARD = gnu99;
				GCC_WARN_64_TO_32_BIT_CONVERSION = YES;
				GCC_WARN_ABOUT_RETURN_TYPE = YES_ERROR;
				GCC_WARN_UNDECLARED_SELECTOR = YES;
				GCC_WARN_UNINITIALIZED_AUTOS = YES_AGGRESSIVE;
				GCC_WARN_UNUSED_FUNCTION = YES;
				GCC_WARN_UNUSED_VARIABLE = YES;
				IPHONEOS_DEPLOYMENT_TARGET = 7.1;
				PROVISIONING_PROFILE = "2f11b4f2-5518-40af-b8b1-43d87f21a2a8";
				SDKROOT = iphoneos;
				VALIDATE_PRODUCT = YES;
			};
			name = Release;
		};
		6D621ED319A58ECD00DC8746 /* Debug */ = {
			isa = XCBuildConfiguration;
			buildSettings = {
				ASSETCATALOG_COMPILER_APPICON_NAME = AppIcon;
				ASSETCATALOG_COMPILER_LAUNCHIMAGE_NAME = LaunchImage;
				CODE_SIGN_IDENTITY = "iPhone Developer";
				GCC_PRECOMPILE_PREFIX_HEADER = YES;
				GCC_PREFIX_HEADER = "DesignAnimals/DesignAnimals-Prefix.pch";
				INFOPLIST_FILE = "DesignAnimals/DesignAnimals-Info.plist";
				PRODUCT_NAME = "$(TARGET_NAME)";
				WRAPPER_EXTENSION = app;
			};
			name = Debug;
		};
		6D621ED419A58ECD00DC8746 /* Release */ = {
			isa = XCBuildConfiguration;
			buildSettings = {
				ASSETCATALOG_COMPILER_APPICON_NAME = AppIcon;
				ASSETCATALOG_COMPILER_LAUNCHIMAGE_NAME = LaunchImage;
				CODE_SIGN_IDENTITY = "iPhone Developer";
				GCC_PRECOMPILE_PREFIX_HEADER = YES;
				GCC_PREFIX_HEADER = "DesignAnimals/DesignAnimals-Prefix.pch";
				INFOPLIST_FILE = "DesignAnimals/DesignAnimals-Info.plist";
				PRODUCT_NAME = "$(TARGET_NAME)";
				WRAPPER_EXTENSION = app;
			};
			name = Release;
		};
		6D621ED619A58ECD00DC8746 /* Debug */ = {
			isa = XCBuildConfiguration;
			buildSettings = {
				BUNDLE_LOADER = "$(BUILT_PRODUCTS_DIR)/DesignAnimals.app/DesignAnimals";
				FRAMEWORK_SEARCH_PATHS = (
					"$(SDKROOT)/Developer/Library/Frameworks",
					"$(inherited)",
					"$(DEVELOPER_FRAMEWORKS_DIR)",
				);
				GCC_PRECOMPILE_PREFIX_HEADER = YES;
				GCC_PREFIX_HEADER = "DesignAnimals/DesignAnimals-Prefix.pch";
				GCC_PREPROCESSOR_DEFINITIONS = (
					"DEBUG=1",
					"$(inherited)",
				);
				INFOPLIST_FILE = "DesignAnimalsTests/DesignAnimalsTests-Info.plist";
				PRODUCT_NAME = "$(TARGET_NAME)";
				TEST_HOST = "$(BUNDLE_LOADER)";
				WRAPPER_EXTENSION = xctest;
			};
			name = Debug;
		};
		6D621ED719A58ECD00DC8746 /* Release */ = {
			isa = XCBuildConfiguration;
			buildSettings = {
				BUNDLE_LOADER = "$(BUILT_PRODUCTS_DIR)/DesignAnimals.app/DesignAnimals";
				FRAMEWORK_SEARCH_PATHS = (
					"$(SDKROOT)/Developer/Library/Frameworks",
					"$(inherited)",
					"$(DEVELOPER_FRAMEWORKS_DIR)",
				);
				GCC_PRECOMPILE_PREFIX_HEADER = YES;
				GCC_PREFIX_HEADER = "DesignAnimals/DesignAnimals-Prefix.pch";
				INFOPLIST_FILE = "DesignAnimalsTests/DesignAnimalsTests-Info.plist";
				PRODUCT_NAME = "$(TARGET_NAME)";
				TEST_HOST = "$(BUNDLE_LOADER)";
				WRAPPER_EXTENSION = xctest;
			};
			name = Release;
		};
/* End XCBuildConfiguration section */

/* Begin XCConfigurationList section */
		6D621E9B19A58ECD00DC8746 /* Build configuration list for PBXProject "DesignAnimals" */ = {
			isa = XCConfigurationList;
			buildConfigurations = (
				6D621ED019A58ECD00DC8746 /* Debug */,
				6D621ED119A58ECD00DC8746 /* Release */,
			);
			defaultConfigurationIsVisible = 0;
			defaultConfigurationName = Release;
		};
		6D621ED219A58ECD00DC8746 /* Build configuration list for PBXNativeTarget "DesignAnimals" */ = {
			isa = XCConfigurationList;
			buildConfigurations = (
				6D621ED319A58ECD00DC8746 /* Debug */,
				6D621ED419A58ECD00DC8746 /* Release */,
			);
			defaultConfigurationIsVisible = 0;
			defaultConfigurationName = Release;
		};
		6D621ED519A58ECD00DC8746 /* Build configuration list for PBXNativeTarget "DesignAnimalsTests" */ = {
			isa = XCConfigurationList;
			buildConfigurations = (
				6D621ED619A58ECD00DC8746 /* Debug */,
				6D621ED719A58ECD00DC8746 /* Release */,
			);
			defaultConfigurationIsVisible = 0;
			defaultConfigurationName = Release;
		};
/* End XCConfigurationList section */
	};
	rootObject = 6D621E9819A58ECD00DC8746 /* Project object */;
}
